
Microsoft Visual Studio Solution File, Format Version 12.00
# Visual Studio Version 17
VisualStudioVersion = 17.14.37614.0 d17.14
MinimumVisualStudioVersion = 10.0.40219.1
Project("{FAE04EC0-301F-11D3-BF4B-00C04F79EFBC}") = "GameProject", "GameProject\GameProject.csproj", "{91DCF296-1129-449A-B448-4B8AF0E9DA9E}"
EndProject
Project("{FAE04EC0-301F-11D3-BF4B-00C04F79EFBC}") = "2026031030_ChoiHaneul_GameProject", "2026031030_ChoiHaneul_GameProject\2026031030_ChoiHaneul_GameProject.csproj", "{E5DB8668-B4DB-4026-BF19-1CB94F4B56AE}"
EndProject
Global
	GlobalSection(SolutionConfigurationPlatforms) = preSolution
		Debug|Any CPU = Debug|Any CPU
		Release|Any CPU = Release|Any CPU
	EndGlobalSection
	GlobalSection(ProjectConfigurationPlatforms) = postSolution
		{91DCF296-1129-449A-B448-4B8AF0E9DA9E}.Debug|Any CPU.ActiveCfg = Debug|Any CPU
		{91DCF296-1129-449A-B448-4B8AF0E9DA9E}.Debug|Any CPU.Build.0 = Debug|Any CPU
		{91DCF296-1129-449A-B448-4B8AF0E9DA9E}.Release|Any CPU.ActiveCfg = Release|Any CPU
		{91DCF296-1129-449A-B448-4B8AF0E9DA9E}.Release|Any CPU.Build.0 = Release|Any CPU
		{E5DB8668-B4DB-4026-BF19-1CB94F4B56AE}.Debug|Any CPU.ActiveCfg = Debug|Any CPU
		{E5DB8668-B4DB-4026-BF19-1CB94F4B56AE}.Debug|Any CPU.Build.0 = Debug|Any CPU
		{E5DB8668-B4DB-4026-BF19-1CB94F4B56AE}.Release|Any CPU.ActiveCfg = Release|Any CPU
		{E5DB8668-B4DB-4026-BF19-1CB94F4B56AE}.Release|Any CPU.Build.0 = Release|Any CPU
	EndGlobalSection
	GlobalSection(SolutionProperties) = preSolution
		HideSolutionNode = FALSE
	EndGlobalSection
	GlobalSection(ExtensibilityGlobals) = postSolution
		SolutionGuid = {6E4041AA-4BFA-44DD-BFB1-92FAC8B3B95C}
	EndGlobalSection
EndGlobal
